// !$*UTF8*$!
{
	archiveVersion = 1;
	classes = {
	};
	objectVersion = 46;
	objects = {

/* Begin PBXBuildFile section */
		6E194AE31CA39E6A00F31D0B /* Main.storyboard in Resources */ = {isa = PBXBuildFile; fileRef = 6E194AE21CA39E6A00F31D0B /* Main.storyboard */; };
		6E194AF51CA3BB4D00F31D0B /* CoreGraphics.framework in Frameworks */ = {isa = PBXBuildFile; fileRef = 6E194AF41CA3BB4D00F31D0B /* CoreGraphics.framework */; };
		6E194AF71CA3BB5C00F31D0B /* QuartzCore.framework in Frameworks */ = {isa = PBXBuildFile; fileRef = 6E194AF61CA3BB5C00F31D0B /* QuartzCore.framework */; };
		6E194AFF1CA3C94C00F31D0B /* AdvancedAnimationController.m in Sources */ = {isa = PBXBuildFile; fileRef = 6E194AFA1CA3C94C00F31D0B /* AdvancedAnimationController.m */; };
		6E194B001CA3C94C00F31D0B /* AdvancedAnimationController.xib in Resources */ = {isa = PBXBuildFile; fileRef = 6E194AFB1CA3C94C00F31D0B /* AdvancedAnimationController.xib */; };
		6E194B011CA3C94C00F31D0B /* GeneralAnimationController.m in Sources */ = {isa = PBXBuildFile; fileRef = 6E194AFD1CA3C94C00F31D0B /* GeneralAnimationController.m */; };
		6E194B021CA3C94C00F31D0B /* GeneralAnimationController.xib in Resources */ = {isa = PBXBuildFile; fileRef = 6E194AFE1CA3C94C00F31D0B /* GeneralAnimationController.xib */; };
		6E194B0F1CA3D7F100F31D0B /* LineShapeLayer.m in Sources */ = {isa = PBXBuildFile; fileRef = 6E194B0E1CA3D7F100F31D0B /* LineShapeLayer.m */; };
		6E194B111CA3E07800F31D0B /* CoreText.framework in Frameworks */ = {isa = PBXBuildFile; fileRef = 6E194B101CA3E07800F31D0B /* CoreText.framework */; };
		6E905F4C1CA2C9E00029375F /* main.m in Sources */ = {isa = PBXBuildFile; fileRef = 6E905F4B1CA2C9E00029375F /* main.m */; };
		6E905F4F1CA2C9E00029375F /* AppDelegate.m in Sources */ = {isa = PBXBuildFile; fileRef = 6E905F4E1CA2C9E00029375F /* AppDelegate.m */; };
		6E905F521CA2C9E00029375F /* ViewController.m in Sources */ = {isa = PBXBuildFile; fileRef = 6E905F511CA2C9E00029375F /* ViewController.m */; };
		6E905F581CA2C9E00029375F /* CoreAnimation.xcdatamodeld in Sources */ = {isa = PBXBuildFile; fileRef = 6E905F561CA2C9E00029375F /* CoreAnimation.xcdatamodeld */; };
		6E905F5A1CA2C9E00029375F /* Assets.xcassets in Resources */ = {isa = PBXBuildFile; fileRef = 6E905F591CA2C9E00029375F /* Assets.xcassets */; };
		6E905F5D1CA2C9E00029375F /* LaunchScreen.storyboard in Resources */ = {isa = PBXBuildFile; fileRef = 6E905F5B1CA2C9E00029375F /* LaunchScreen.storyboard */; };
		6E905F681CA2C9E10029375F /* CoreAnimationTests.m in Sources */ = {isa = PBXBuildFile; fileRef = 6E905F671CA2C9E10029375F /* CoreAnimationTests.m */; };
		6E905F731CA2C9E10029375F /* CoreAnimationUITests.m in Sources */ = {isa = PBXBuildFile; fileRef = 6E905F721CA2C9E10029375F /* CoreAnimationUITests.m */; };
/* End PBXBuildFile section */

/* Begin PBXContainerItemProxy section */
		6E905F641CA2C9E10029375F /* PBXContainerItemProxy */ = {
			isa = PBXContainerItemProxy;
			containerPortal = 6E905F3F1CA2C9E00029375F /* Project object */;
			proxyType = 1;
			remoteGlobalIDString = 6E905F461CA2C9E00029375F;
			remoteInfo = CoreAnimation;
		};
		6E905F6F1CA2C9E10029375F /* PBXContainerItemProxy */ = {
			isa = PBXContainerItemProxy;
			containerPortal = 6E905F3F1CA2C9E00029375F /* Project object */;
			proxyType = 1;
			remoteGlobalIDString = 6E905F461CA2C9E00029375F;
			remoteInfo = CoreAnimation;
		};
/* End PBXContainerItemProxy section */

/* Begin PBXFileReference section */
		6E194AE21CA39E6A00F31D0B /* Main.storyboard */ = {isa = PBXFileReference; fileEncoding = 4; lastKnownFileType = file.storyboard; path = Main.storyboard; sourceTree = "<group>"; };
		6E194AF41CA3BB4D00F31D0B /* CoreGraphics.framework */ = {isa = PBXFileReference; lastKnownFileType = wrapper.framework; name = CoreGraphics.framework; path = System/Library/Frameworks/CoreGraphics.framework; sourceTree = SDKROOT; };
		6E194AF61CA3BB5C00F31D0B /* QuartzCore.framework */ = {isa = PBXFileReference; lastKnownFileType = wrapper.framework; name = QuartzCore.framework; path = System/Library/Frameworks/QuartzCore.framework; sourceTree = SDKROOT; };
		6E194AF91CA3C94C00F31D0B /* AdvancedAnimationController.h */ = {isa = PBXFileReference; fileEncoding = 4; lastKnownFileType = sourcecode.c.h; path = AdvancedAnimationController.h; sourceTree = "<group>"; };
		6E194AFA1CA3C94C00F31D0B /* AdvancedAnimationController.m */ = {isa = PBXFileReference; fileEncoding = 4; lastKnownFileType = sourcecode.c.objc; path = AdvancedAnimationController.m; sourceTree = "<group>"; };
		6E194AFB1CA3C94C00F31D0B /* AdvancedAnimationController.xib */ = {isa = PBXFileReference; fileEncoding = 4; lastKnownFileType = file.xib; path = AdvancedAnimationController.xib; sourceTree = "<group>"; };
		6E194AFC1CA3C94C00F31D0B /* GeneralAnimationController.h */ = {isa = PBXFileReference; fileEncoding = 4; lastKnownFileType = sourcecode.c.h; path = GeneralAnimationController.h; sourceTree = "<group>"; };
		6E194AFD1CA3C94C00F31D0B /* GeneralAnimationController.m */ = {isa = PBXFileReference; fileEncoding = 4; lastKnownFileType = sourcecode.c.objc; path = GeneralAnimationController.m; sourceTree = "<group>"; };
		6E194AFE1CA3C94C00F31D0B /* GeneralAnimationController.xib */ = {isa = PBXFileReference; fileEncoding = 4; lastKnownFileType = file.xib; path = GeneralAnimationController.xib; sourceTree = "<group>"; };
		6E194B0D1CA3D7F100F31D0B /* LineShapeLayer.h */ = {isa = PBXFileReference; fileEncoding = 4; lastKnownFileType = sourcecode.c.h; path = LineShapeLayer.h; sourceTree = "<group>"; };
		6E194B0E1CA3D7F100F31D0B /* LineShapeLayer.m */ = {isa = PBXFileReference; fileEncoding = 4; lastKnownFileType = sourcecode.c.objc; path = LineShapeLayer.m; sourceTree = "<group>"; };
		6E194B101CA3E07800F31D0B /* CoreText.framework */ = {isa = PBXFileReference; lastKnownFileType = wrapper.framework; name = CoreText.framework; path = System/Library/Frameworks/CoreText.framework; sourceTree = SDKROOT; };
		6E905F471CA2C9E00029375F /* CoreAnimation.app */ = {isa = PBXFileReference; explicitFileType = wrapper.application; includeInIndex = 0; path = CoreAnimation.app; sourceTree = BUILT_PRODUCTS_DIR; };
		6E905F4B1CA2C9E00029375F /* main.m */ = {isa = PBXFileReference; lastKnownFileType = sourcecode.c.objc; path = main.m; sourceTree = "<group>"; };
		6E905F4D1CA2C9E00029375F /* AppDelegate.h */ = {isa = PBXFileReference; lastKnownFileType = sourcecode.c.h; path = AppDelegate.h; sourceTree = "<group>"; };
		6E905F4E1CA2C9E00029375F /* AppDelegate.m */ = {isa = PBXFileReference; lastKnownFileType = sourcecode.c.objc; path = AppDelegate.m; sourceTree = "<group>"; };
		6E905F501CA2C9E00029375F /* ViewController.h */ = {isa = PBXFileReference; lastKnownFileType = sourcecode.c.h; path = ViewController.h; sourceTree = "<group>"; };
		6E905F511CA2C9E00029375F /* ViewController.m */ = {isa = PBXFileReference; lastKnownFileType = sourcecode.c.objc; path = ViewController.m; sourceTree = "<group>"; };
		6E905F571CA2C9E00029375F /* CoreAnimation.xcdatamodel */ = {isa = PBXFileReference; lastKnownFileType = wrapper.xcdatamodel; path = CoreAnimation.xcdatamodel; sourceTree = "<group>"; };
		6E905F591CA2C9E00029375F /* Assets.xcassets */ = {isa = PBXFileReference; lastKnownFileType = folder.assetcatalog; path = Assets.xcassets; sourceTree = "<group>"; };
		6E905F5C1CA2C9E00029375F /* Base */ = {isa = PBXFileReference; lastKnownFileType = file.storyboard; name = Base; path = Base.lproj/LaunchScreen.storyboard; sourceTree = "<group>"; };
		6E905F5E1CA2C9E00029375F /* Info.plist */ = {isa = PBXFileReference; lastKnownFileType = text.plist.xml; path = Info.plist; sourceTree = "<group>"; };
		6E905F631CA2C9E10029375F /* CoreAnimationTests.xctest */ = {isa = PBXFileReference; explicitFileType = wrapper.cfbundle; includeInIndex = 0; path = CoreAnimationTests.xctest; sourceTree = BUILT_PRODUCTS_DIR; };
		6E905F671CA2C9E10029375F /* CoreAnimationTests.m */ = {isa = PBXFileReference; lastKnownFileType = sourcecode.c.objc; path = CoreAnimationTests.m; sourceTree = "<group>"; };
		6E905F691CA2C9E10029375F /* Info.plist */ = {isa = PBXFileReference; lastKnownFileType = text.plist.xml; path = Info.plist; sourceTree = "<group>"; };
		6E905F6E1CA2C9E10029375F /* CoreAnimationUITests.xctest */ = {isa = PBXFileReference; explicitFileType = wrapper.cfbundle; includeInIndex = 0; path = CoreAnimationUITests.xctest; sourceTree = BUILT_PRODUCTS_DIR; };
		6E905F721CA2C9E10029375F /* CoreAnimationUITests.m */ = {isa = PBXFileReference; lastKnownFileType = sourcecode.c.objc; path = CoreAnimationUITests.m; sourceTree = "<group>"; };
		6E905F741CA2C9E10029375F /* Info.plist */ = {isa = PBXFileReference; lastKnownFileType = text.plist.xml; path = Info.plist; sourceTree = "<group>"; };
/* End PBXFileReference section */

/* Begin PBXFrameworksBuildPhase section */
		6E905F441CA2C9E00029375F /* Frameworks */ = {
			isa = PBXFrameworksBuildPhase;
			buildActionMask = 2147483647;
			files = (
				6E194B111CA3E07800F31D0B /* CoreText.framework in Frameworks */,
				6E194AF71CA3BB5C00F31D0B /* QuartzCore.framework in Frameworks */,
				6E194AF51CA3BB4D00F31D0B /* CoreGraphics.framework in Frameworks */,
			);
			runOnlyForDeploymentPostprocessing = 0;
		};
		6E905F601CA2C9E10029375F /* Frameworks */ = {
			isa = PBXFrameworksBuildPhase;
			buildActionMask = 2147483647;
			files = (
			);
			runOnlyForDeploymentPostprocessing = 0;
		};
		6E905F6B1CA2C9E10029375F /* Frameworks */ = {
			isa = PBXFrameworksBuildPhase;
			buildActionMask = 2147483647;
			files = (
			);
			runOnlyForDeploymentPostprocessing = 0;
		};
/* End PBXFrameworksBuildPhase section */

/* Begin PBXGroup section */
		6E194AF81CA3C94C00F31D0B /* Controllers */ = {
			isa = PBXGroup;
			children = (
				6E194AF91CA3C94C00F31D0B /* AdvancedAnimationController.h */,
				6E194AFA1CA3C94C00F31D0B /* AdvancedAnimationController.m */,
				6E194AFB1CA3C94C00F31D0B /* AdvancedAnimationController.xib */,
				6E194AFC1CA3C94C00F31D0B /* GeneralAnimationController.h */,
				6E194AFD1CA3C94C00F31D0B /* GeneralAnimationController.m */,
				6E194AFE1CA3C94C00F31D0B /* GeneralAnimationController.xib */,
			);
			path = Controllers;
			sourceTree = "<group>";
		};
		6E194B031CA3C96600F31D0B /* Views */ = {
			isa = PBXGroup;
			children = (
				6E194B0D1CA3D7F100F31D0B /* LineShapeLayer.h */,
				6E194B0E1CA3D7F100F31D0B /* LineShapeLayer.m */,
			);
			path = Views;
			sourceTree = "<group>";
		};
		6E905F3E1CA2C9E00029375F = {
			isa = PBXGroup;
			children = (
				6E194B101CA3E07800F31D0B /* CoreText.framework */,
				6E194AF61CA3BB5C00F31D0B /* QuartzCore.framework */,
				6E194AF41CA3BB4D00F31D0B /* CoreGraphics.framework */,
				6E905F491CA2C9E00029375F /* CoreAnimation */,
				6E905F661CA2C9E10029375F /* CoreAnimationTests */,
				6E905F711CA2C9E10029375F /* CoreAnimationUITests */,
				6E905F481CA2C9E00029375F /* Products */,
			);
			sourceTree = "<group>";
		};
		6E905F481CA2C9E00029375F /* Products */ = {
			isa = PBXGroup;
			children = (
				6E905F471CA2C9E00029375F /* CoreAnimation.app */,
				6E905F631CA2C9E10029375F /* CoreAnimationTests.xctest */,
				6E905F6E1CA2C9E10029375F /* CoreAnimationUITests.xctest */,
			);
			name = Products;
			sourceTree = "<group>";
		};
		6E905F491CA2C9E00029375F /* CoreAnimation */ = {
			isa = PBXGroup;
			children = (
				6E905F4D1CA2C9E00029375F /* AppDelegate.h */,
				6E905F4E1CA2C9E00029375F /* AppDelegate.m */,
				6E905F501CA2C9E00029375F /* ViewController.h */,
				6E905F511CA2C9E00029375F /* ViewController.m */,
				6E194B031CA3C96600F31D0B /* Views */,
				6E194AF81CA3C94C00F31D0B /* Controllers */,
				6E905F591CA2C9E00029375F /* Assets.xcassets */,
				6E905F5B1CA2C9E00029375F /* LaunchScreen.storyboard */,
				6E194AE21CA39E6A00F31D0B /* Main.storyboard */,
				6E905F5E1CA2C9E00029375F /* Info.plist */,
				6E905F561CA2C9E00029375F /* CoreAnimation.xcdatamodeld */,
				6E905F4A1CA2C9E00029375F /* Supporting Files */,
			);
			path = CoreAnimation;
			sourceTree = "<group>";
		};
		6E905F4A1CA2C9E00029375F /* Supporting Files */ = {
			isa = PBXGroup;
			children = (
				6E905F4B1CA2C9E00029375F /* main.m */,
			);
			name = "Supporting Files";
			sourceTree = "<group>";
		};
		6E905F661CA2C9E10029375F /* CoreAnimationTests */ = {
			isa = PBXGroup;
			children = (
				6E905F671CA2C9E10029375F /* CoreAnimationTests.m */,
				6E905F691CA2C9E10029375F /* Info.plist */,
			);
			path = CoreAnimationTests;
			sourceTree = "<group>";
		};
		6E905F711CA2C9E10029375F /* CoreAnimationUITests */ = {
			isa = PBXGroup;
			children = (
				6E905F721CA2C9E10029375F /* CoreAnimationUITests.m */,
				6E905F741CA2C9E10029375F /* Info.plist */,
			);
			path = CoreAnimationUITests;
			sourceTree = "<group>";
		};
/* End PBXGroup section */

/* Begin PBXNativeTarget section */
		6E905F461CA2C9E00029375F /* CoreAnimation */ = {
			isa = PBXNativeTarget;
			buildConfigurationList = 6E905F771CA2C9E10029375F /* Build configuration list for PBXNativeTarget "CoreAnimation" */;
			buildPhases = (
				6E905F431CA2C9E00029375F /* Sources */,
				6E905F441CA2C9E00029375F /* Frameworks */,
				6E905F451CA2C9E00029375F /* Resources */,
			);
			buildRules = (
			);
			dependencies = (
			);
			name = CoreAnimation;
			productName = CoreAnimation;
			productReference = 6E905F471CA2C9E00029375F /* CoreAnimation.app */;
			productType = "com.apple.product-type.application";
		};
		6E905F621CA2C9E10029375F /* CoreAnimationTests */ = {
			isa = PBXNativeTarget;
			buildConfigurationList = 6E905F7A1CA2C9E10029375F /* Build configuration list for PBXNativeTarget "CoreAnimationTests" */;
			buildPhases = (
				6E905F5F1CA2C9E10029375F /* Sources */,
				6E905F601CA2C9E10029375F /* Frameworks */,
				6E905F611CA2C9E10029375F /* Resources */,
			);
			buildRules = (
			);
			dependencies = (
				6E905F651CA2C9E10029375F /* PBXTargetDependency */,
			);
			name = CoreAnimationTests;
			productName = CoreAnimationTests;
			productReference = 6E905F631CA2C9E10029375F /* CoreAnimationTests.xctest */;
			productType = "com.apple.product-type.bundle.unit-test";
		};
		6E905F6D1CA2C9E10029375F /* CoreAnimationUITests */ = {
			isa = PBXNativeTarget;
			buildConfigurationList = 6E905F7D1CA2C9E10029375F /* Build configuration list for PBXNativeTarget "CoreAnimationUITests" */;
			buildPhases = (
				6E905F6A1CA2C9E10029375F /* Sources */,
				6E905F6B1CA2C9E10029375F /* Frameworks */,
				6E905F6C1CA2C9E10029375F /* Resources */,
			);
			buildRules = (
			);
			dependencies = (
				6E905F701CA2C9E10029375F /* PBXTargetDependency */,
			);
			name = CoreAnimationUITests;
			productName = CoreAnimationUITests;
			productReference = 6E905F6E1CA2C9E10029375F /* CoreAnimationUITests.xctest */;
			productType = "com.apple.product-type.bundle.ui-testing";
		};
/* End PBXNativeTarget section */

/* Begin PBXProject section */
		6E905F3F1CA2C9E00029375F /* Project object */ = {
			isa = PBXProject;
			attributes = {
				LastUpgradeCheck = 0720;
				ORGANIZATIONNAME = "张鹏";
				TargetAttributes = {
					6E905F461CA2C9E00029375F = {
						CreatedOnToolsVersion = 7.2;
					};
					6E905F621CA2C9E10029375F = {
						CreatedOnToolsVersion = 7.2;
						TestTargetID = 6E905F461CA2C9E00029375F;
					};
					6E905F6D1CA2C9E10029375F = {
						CreatedOnToolsVersion = 7.2;
						TestTargetID = 6E905F461CA2C9E00029375F;
					};
				};
			};
			buildConfigurationList = 6E905F421CA2C9E00029375F /* Build configuration list for PBXProject "CoreAnimation" */;
			compatibilityVersion = "Xcode 3.2";
			developmentRegion = English;
			hasScannedForEncodings = 0;
			knownRegions = (
				en,
				Base,
			);
			mainGroup = 6E905F3E1CA2C9E00029375F;
			productRefGroup = 6E905F481CA2C9E00029375F /* Products */;
			projectDirPath = "";
			projectRoot = "";
			targets = (
				6E905F461CA2C9E00029375F /* CoreAnimation */,
				6E905F621CA2C9E10029375F /* CoreAnimationTests */,
				6E905F6D1CA2C9E10029375F /* CoreAnimationUITests */,
			);
		};
/* End PBXProject section */

/* Begin PBXResourcesBuildPhase section */
		6E905F451CA2C9E00029375F /* Resources */ = {
			isa = PBXResourcesBuildPhase;
			buildActionMask = 2147483647;
			files = (
				6E194AE31CA39E6A00F31D0B /* Main.storyboard in Resources */,
				6E194B021CA3C94C00F31D0B /* GeneralAnimationController.xib in Resources */,
				6E905F5D1CA2C9E00029375F /* LaunchScreen.storyboard in Resources */,
				6E194B001CA3C94C00F31D0B /* AdvancedAnimationController.xib in Resources */,
				6E905F5A1CA2C9E00029375F /* Assets.xcassets in Resources */,
			);
			runOnlyForDeploymentPostprocessing = 0;
		};
		6E905F611CA2C9E10029375F /* Resources */ = {
			isa = PBXResourcesBuildPhase;
			buildActionMask = 2147483647;
			files = (
			);
			runOnlyForDeploymentPostprocessing = 0;
		};
		6E905F6C1CA2C9E10029375F /* Resources */ = {
			isa = PBXResourcesBuildPhase;
			buildActionMask = 2147483647;
			files = (
			);
			runOnlyForDeploymentPostprocessing = 0;
		};
/* End PBXResourcesBuildPhase section */

/* Begin PBXSourcesBuildPhase section */
		6E905F431CA2C9E00029375F /* Sources */ = {
			isa = PBXSourcesBuildPhase;
			buildActionMask = 2147483647;
			files = (
				6E905F521CA2C9E00029375F /* ViewController.m in Sources */,
				6E194B011CA3C94C00F31D0B /* GeneralAnimationController.m in Sources */,
				6E194AFF1CA3C94C00F31D0B /* AdvancedAnimationController.m in Sources */,
				6E905F4F1CA2C9E00029375F /* AppDelegate.m in Sources */,
				6E905F4C1CA2C9E00029375F /* main.m in Sources */,
				6E905F581CA2C9E00029375F /* CoreAnimation.xcdatamodeld in Sources */,
				6E194B0F1CA3D7F100F31D0B /* LineShapeLayer.m in Sources */,
			);
			runOnlyForDeploymentPostprocessing = 0;
		};
		6E905F5F1CA2C9E10029375F /* Sources */ = {
			isa = PBXSourcesBuildPhase;
			buildActionMask = 2147483647;
			files = (
				6E905F681CA2C9E10029375F /* CoreAnimationTests.m in Sources */,
			);
			runOnlyForDeploymentPostprocessing = 0;
		};
		6E905F6A1CA2C9E10029375F /* Sources */ = {
			isa = PBXSourcesBuildPhase;
			buildActionMask = 2147483647;
			files = (
				6E905F731CA2C9E10029375F /* CoreAnimationUITests.m in Sources */,
			);
			runOnlyForDeploymentPostprocessing = 0;
		};
/* End PBXSourcesBuildPhase section */

/* Begin PBXTargetDependency section */
		6E905F651CA2C9E10029375F /* PBXTargetDependency */ = {
			isa = PBXTargetDependency;
			target = 6E905F461CA2C9E00029375F /* CoreAnimation */;
			targetProxy = 6E905F641CA2C9E10029375F /* PBXContainerItemProxy */;
		};
		6E905F701CA2C9E10029375F /* PBXTargetDependency */ = {
			isa = PBXTargetDependency;
			target = 6E905F461CA2C9E00029375F /* CoreAnimation */;
			targetProxy = 6E905F6F1CA2C9E10029375F /* PBXContainerItemProxy */;
		};
/* End PBXTargetDependency section */

/* Begin PBXVariantGroup section */
		6E905F5B1CA2C9E00029375F /* LaunchScreen.storyboard */ = {
			isa = PBXVariantGroup;
			children = (
				6E905F5C1CA2C9E00029375F /* Base */,
			);
			name = LaunchScreen.storyboard;
			sourceTree = "<group>";
		};
/* End PBXVariantGroup section */

/* Begin XCBuildConfiguration section */
		6E905F751CA2C9E10029375F /* Debug */ = {
			isa = XCBuildConfiguration;
			buildSettings = {
				ALWAYS_SEARCH_USER_PATHS = NO;
				CLANG_CXX_LANGUAGE_STANDARD = "gnu++0x";
				CLANG_CXX_LIBRARY = "libc++";
				CLANG_ENABLE_MODULES = YES;
				CLANG_ENABLE_OBJC_ARC = YES;
				CLANG_WARN_BOOL_CONVERSION = YES;
				CLANG_WARN_CONSTANT_CONVERSION = YES;
				CLANG_WARN_DIRECT_OBJC_ISA_USAGE = YES_ERROR;
				CLANG_WARN_EMPTY_BODY = YES;
				CLANG_WARN_ENUM_CONVERSION = YES;
				CLANG_WARN_INT_CONVERSION = YES;
				CLANG_WARN_OBJC_ROOT_CLASS = YES_ERROR;
				CLANG_WARN_UNREACHABLE_CODE = YES;
				CLANG_WARN__DUPLICATE_METHOD_MATCH = YES;
				"CODE_SIGN_IDENTITY[sdk=iphoneos*]" = "iPhone Developer";
				COPY_PHASE_STRIP = NO;
				DEBUG_INFORMATION_FORMAT = dwarf;
				ENABLE_STRICT_OBJC_MSGSEND = YES;
				ENABLE_TESTABILITY = YES;
				GCC_C_LANGUAGE_STANDARD = gnu99;
				GCC_DYNAMIC_NO_PIC = NO;
				GCC_NO_COMMON_BLOCKS = YES;
				GCC_OPTIMIZATION_LEVEL = 0;
				GCC_PREPROCESSOR_DEFINITIONS = (
					"DEBUG=1",
					"$(inherited)",
				);
				GCC_WARN_64_TO_32_BIT_CONVERSION = YES;
				GCC_WARN_ABOUT_RETURN_TYPE = YES_ERROR;
				GCC_WARN_UNDECLARED_SELECTOR = YES;
				GCC_WARN_UNINITIALIZED_AUTOS = YES_AGGRESSIVE;
				GCC_WARN_UNUSED_FUNCTION = YES;
				GCC_WARN_UNUSED_VARIABLE = YES;
				IPHONEOS_DEPLOYMENT_TARGET = 9.2;
				MTL_ENABLE_DEBUG_INFO = YES;
				ONLY_ACTIVE_ARCH = YES;
				SDKROOT = iphoneos;
				TARGETED_DEVICE_FAMILY = "1,2";
			};
			name = Debug;
		};
		6E905F761CA2C9E10029375F /* Release */ = {
			isa = XCBuildConfiguration;
			buildSettings = {
				ALWAYS_SEARCH_USER_PATHS = NO;
				CLANG_CXX_LANGUAGE_STANDARD = "gnu++0x";
				CLANG_CXX_LIBRARY = "libc++";
				CLANG_ENABLE_MODULES = YES;
				CLANG_ENABLE_OBJC_ARC = YES;
				CLANG_WARN_BOOL_CONVERSION = YES;
				CLANG_WARN_CONSTANT_CONVERSION = YES;
				CLANG_WARN_DIRECT_OBJC_ISA_USAGE = YES_ERROR;
				CLANG_WARN_EMPTY_BODY = YES;
				CLANG_WARN_ENUM_CONVERSION = YES;
				CLANG_WARN_INT_CONVERSION = YES;
				CLANG_WARN_OBJC_ROOT_CLASS = YES_ERROR;
				CLANG_WARN_UNREACHABLE_CODE = YES;
				CLANG_WARN__DUPLICATE_METHOD_MATCH = YES;
				"CODE_SIGN_IDENTITY[sdk=iphoneos*]" = "iPhone Developer";
				COPY_PHASE_STRIP = NO;
				DEBUG_INFORMATION_FORMAT = "dwarf-with-dsym";
				ENABLE_NS_ASSERTIONS = NO;
				ENABLE_STRICT_OBJC_MSGSEND = YES;
				GCC_C_LANGUAGE_STANDARD = gnu99;
				GCC_NO_COMMON_BLOCKS = YES;
				GCC_WARN_64_TO_32_BIT_CONVERSION = YES;
				GCC_WARN_ABOUT_RETURN_TYPE = YES_ERROR;
				GCC_WARN_UNDECLARED_SELECTOR = YES;
				GCC_WARN_UNINITIALIZED_AUTOS = YES_AGGRESSIVE;
				GCC_WARN_UNUSED_FUNCTION = YES;
				GCC_WARN_UNUSED_VARIABLE = YES;
				IPHONEOS_DEPLOYMENT_TARGET = 9.2;
				MTL_ENABLE_DEBUG_INFO = NO;
				SDKROOT = iphoneos;
				TARGETED_DEVICE_FAMILY = "1,2";
				VALIDATE_PRODUCT = YES;
			};
			name = Release;
		};
		6E905F781CA2C9E10029375F /* Debug */ = {
			isa = XCBuildConfiguration;
			buildSettings = {
				ASSETCATALOG_COMPILER_APPICON_NAME = AppIcon;
				INFOPLIST_FILE = CoreAnimation/Info.plist;
				LD_RUNPATH_SEARCH_PATHS = "$(inherited) @executable_path/Frameworks";
				PRODUCT_BUNDLE_IDENTIFIER = AMILY.CoreAnimation;
				PRODUCT_NAME = "$(TARGET_NAME)";
			};
			name = Debug;
		};
		6E905F791CA2C9E10029375F /* Release */ = {
			isa = XCBuildConfiguration;
			buildSettings = {
				ASSETCATALOG_COMPILER_APPICON_NAME = AppIcon;
				INFOPLIST_FILE = CoreAnimation/Info.plist;
				LD_RUNPATH_SEARCH_PATHS = "$(inherited) @executable_path/Frameworks";
				PRODUCT_BUNDLE_IDENTIFIER = AMILY.CoreAnimation;
				PRODUCT_NAME = "$(TARGET_NAME)";
			};
			name = Release;
		};
		6E905F7B1CA2C9E10029375F /* Debug */ = {
			isa = XCBuildConfiguration;
			buildSettings = {
				BUNDLE_LOADER = "$(TEST_HOST)";
				INFOPLIST_FILE = CoreAnimationTests/Info.plist;
				LD_RUNPATH_SEARCH_PATHS = "$(inherited) @executable_path/Frameworks @loader_path/Frameworks";
				PRODUCT_BUNDLE_IDENTIFIER = AMILY.CoreAnimationTests;
				PRODUCT_NAME = "$(TARGET_NAME)";
				TEST_HOST = "$(BUILT_PRODUCTS_DIR)/CoreAnimation.app/CoreAnimation";
			};
			name = Debug;
		};
		6E905F7C1CA2C9E10029375F /* Release */ = {
			isa = XCBuildConfiguration;
			buildSettings = {
				BUNDLE_LOADER = "$(TEST_HOST)";
				INFOPLIST_FILE = CoreAnimationTests/Info.plist;
				LD_RUNPATH_SEARCH_PATHS = "$(inherited) @executable_path/Frameworks @loader_path/Frameworks";
				PRODUCT_BUNDLE_IDENTIFIER = AMILY.CoreAnimationTests;
				PRODUCT_NAME = "$(TARGET_NAME)";
				TEST_HOST = "$(BUILT_PRODUCTS_DIR)/CoreAnimation.app/CoreAnimation";
			};
			name = Release;
		};
		6E905F7E1CA2C9E10029375F /* Debug */ = {
			isa = XCBuildConfiguration;
			buildSettings = {
				INFOPLIST_FILE = CoreAnimationUITests/Info.plist;
				LD_RUNPATH_SEARCH_PATHS = "$(inherited) @executable_path/Frameworks @loader_path/Frameworks";
				PRODUCT_BUNDLE_IDENTIFIER = AMILY.CoreAnimationUITests;
				PRODUCT_NAME = "$(TARGET_NAME)";
				TEST_TARGET_NAME = CoreAnimation;
				USES_XCTRUNNER = YES;
			};
			name = Debug;
		};
		6E905F7F1CA2C9E10029375F /* Release */ = {
			isa = XCBuildConfiguration;
			buildSettings = {
				INFOPLIST_FILE = CoreAnimationUITests/Info.plist;
				LD_RUNPATH_SEARCH_PATHS = "$(inherited) @executable_path/Frameworks @loader_path/Frameworks";
				PRODUCT_BUNDLE_IDENTIFIER = AMILY.CoreAnimationUITests;
				PRODUCT_NAME = "$(TARGET_NAME)";
				TEST_TARGET_NAME = CoreAnimation;
				USES_XCTRUNNER = YES;
			};
			name = Release;
		};
/* End XCBuildConfiguration section */

/* Begin XCConfigurationList section */
		6E905F421CA2C9E00029375F /* Build configuration list for PBXProject "CoreAnimation" */ = {
			isa = XCConfigurationList;
			buildConfigurations = (
				6E905F751CA2C9E10029375F /* Debug */,
				6E905F761CA2C9E10029375F /* Release */,
			);
			defaultConfigurationIsVisible = 0;
			defaultConfigurationName = Release;
		};
		6E905F771CA2C9E10029375F /* Build configuration list for PBXNativeTarget "CoreAnimation" */ = {
			isa = XCConfigurationList;
			buildConfigurations = (
				6E905F781CA2C9E10029375F /* Debug */,
				6E905F791CA2C9E10029375F /* Release */,
			);
			defaultConfigurationIsVisible = 0;
			defaultConfigurationName = Release;
		};
		6E905F7A1CA2C9E10029375F /* Build configuration list for PBXNativeTarget "CoreAnimationTests" */ = {
			isa = XCConfigurationList;
			buildConfigurations = (
				6E905F7B1CA2C9E10029375F /* Debug */,
				6E905F7C1CA2C9E10029375F /* Release */,
			);
			defaultConfigurationIsVisible = 0;
			defaultConfigurationName = Release;
		};
		6E905F7D1CA2C9E10029375F /* Build configuration list for PBXNativeTarget "CoreAnimationUITests" */ = {
			isa = XCConfigurationList;
			buildConfigurations = (
				6E905F7E1CA2C9E10029375F /* Debug */,
				6E905F7F1CA2C9E10029375F /* Release */,
			);
			defaultConfigurationIsVisible = 0;
			defaultConfigurationName = Release;
		};
/* End XCConfigurationList section */

/* Begin XCVersionGroup section */
		6E905F561CA2C9E00029375F /* CoreAnimation.xcdatamodeld */ = {
			isa = XCVersionGroup;
			children = (
				6E905F571CA2C9E00029375F /* CoreAnimation.xcdatamodel */,
			);
			currentVersion = 6E905F571CA2C9E00029375F /* CoreAnimation.xcdatamodel */;
			path = CoreAnimation.xcdatamodeld;
			sourceTree = "<group>";
			versionGroupType = wrapper.xcdatamodel;
		};
/* End XCVersionGroup section */
	};
	rootObject = 6E905F3F1CA2C9E00029375F /* Project object */;
}
